// !$*UTF8*$!
{
	archiveVersion = 1;
	classes = {
	};
	objectVersion = 51;
	objects = {

/* Begin PBXBuildFile section */
		257C5C9326DE6F4E006C6E6D /* AppDelegate.swift in Sources */ = {isa = PBXBuildFile; fileRef = 257C5C9226DE6F4E006C6E6D /* AppDelegate.swift */; };
		257C5C9726DE6F4E006C6E6D /* ViewController.swift in Sources */ = {isa = PBXBuildFile; fileRef = 257C5C9626DE6F4E006C6E6D /* ViewController.swift */; };
		257C5C9A26DE6F4E006C6E6D /* Main.storyboard in Resources */ = {isa = PBXBuildFile; fileRef = 257C5C9826DE6F4E006C6E6D /* Main.storyboard */; };
		257C5C9C26DE6F50006C6E6D /* Assets.xcassets in Resources */ = {isa = PBXBuildFile; fileRef = 257C5C9B26DE6F50006C6E6D /* Assets.xcassets */; };
		257C5C9F26DE6F50006C6E6D /* LaunchScreen.storyboard in Resources */ = {isa = PBXBuildFile; fileRef = 257C5C9D26DE6F50006C6E6D /* LaunchScreen.storyboard */; };
		257C5CA826DE70E4006C6E6D /* AppComponent.swift in Sources */ = {isa = PBXBuildFile; fileRef = 257C5CA726DE70E4006C6E6D /* AppComponent.swift */; };
		257C5CAE26DE72D5006C6E6D /* RootRouter.swift in Sources */ = {isa = PBXBuildFile; fileRef = 257C5CAA26DE72D5006C6E6D /* RootRouter.swift */; };
		257C5CAF26DE72D5006C6E6D /* RootViewController.swift in Sources */ = {isa = PBXBuildFile; fileRef = 257C5CAB26DE72D5006C6E6D /* RootViewController.swift */; };
		257C5CB026DE72D5006C6E6D /* RootBuilder.swift in Sources */ = {isa = PBXBuildFile; fileRef = 257C5CAC26DE72D5006C6E6D /* RootBuilder.swift */; };
		257C5CB126DE72D5006C6E6D /* RootInteractor.swift in Sources */ = {isa = PBXBuildFile; fileRef = 257C5CAD26DE72D5006C6E6D /* RootInteractor.swift */; };
		257C5CB826DE7506006C6E6D /* HomeRouter.swift in Sources */ = {isa = PBXBuildFile; fileRef = 257C5CB326DE7506006C6E6D /* HomeRouter.swift */; };
		257C5CB926DE7506006C6E6D /* HomeViewController.swift in Sources */ = {isa = PBXBuildFile; fileRef = 257C5CB426DE7506006C6E6D /* HomeViewController.swift */; };
		257C5CBA26DE7506006C6E6D /* HomeBuilder.swift in Sources */ = {isa = PBXBuildFile; fileRef = 257C5CB526DE7506006C6E6D /* HomeBuilder.swift */; };
		257C5CBB26DE7506006C6E6D /* HomeInteractor.swift in Sources */ = {isa = PBXBuildFile; fileRef = 257C5CB626DE7506006C6E6D /* HomeInteractor.swift */; };
		257C5CBC26DE7506006C6E6D /* HomeViewController.xib in Resources */ = {isa = PBXBuildFile; fileRef = 257C5CB726DE7506006C6E6D /* HomeViewController.xib */; };
		257C5CC326DE7C0B006C6E6D /* HistoryRouter.swift in Sources */ = {isa = PBXBuildFile; fileRef = 257C5CBE26DE7C0B006C6E6D /* HistoryRouter.swift */; };
		257C5CC426DE7C0B006C6E6D /* HistoryViewController.swift in Sources */ = {isa = PBXBuildFile; fileRef = 257C5CBF26DE7C0B006C6E6D /* HistoryViewController.swift */; };
		257C5CC526DE7C0B006C6E6D /* HistoryBuilder.swift in Sources */ = {isa = PBXBuildFile; fileRef = 257C5CC026DE7C0B006C6E6D /* HistoryBuilder.swift */; };
		257C5CC626DE7C0B006C6E6D /* HistoryInteractor.swift in Sources */ = {isa = PBXBuildFile; fileRef = 257C5CC126DE7C0B006C6E6D /* HistoryInteractor.swift */; };
		257C5CC726DE7C0B006C6E6D /* HistoryViewController.xib in Resources */ = {isa = PBXBuildFile; fileRef = 257C5CC226DE7C0B006C6E6D /* HistoryViewController.xib */; };
		257C5CC926DE85CE006C6E6D /* HomeComponent+History.swift in Sources */ = {isa = PBXBuildFile; fileRef = 257C5CC826DE85CE006C6E6D /* HomeComponent+History.swift */; };
		257C5CCD26DF3DF1006C6E6D /* Model.swift in Sources */ = {isa = PBXBuildFile; fileRef = 257C5CCC26DF3DF1006C6E6D /* Model.swift */; };
		257C5CD426DF725F006C6E6D /* GameRouter.swift in Sources */ = {isa = PBXBuildFile; fileRef = 257C5CCF26DF725F006C6E6D /* GameRouter.swift */; };
		257C5CD526DF725F006C6E6D /* GameViewController.swift in Sources */ = {isa = PBXBuildFile; fileRef = 257C5CD026DF725F006C6E6D /* GameViewController.swift */; };
		257C5CD626DF725F006C6E6D /* GameBuilder.swift in Sources */ = {isa = PBXBuildFile; fileRef = 257C5CD126DF725F006C6E6D /* GameBuilder.swift */; };
		257C5CD726DF725F006C6E6D /* GameInteractor.swift in Sources */ = {isa = PBXBuildFile; fileRef = 257C5CD226DF725F006C6E6D /* GameInteractor.swift */; };
		257C5CD826DF725F006C6E6D /* GameViewController.xib in Resources */ = {isa = PBXBuildFile; fileRef = 257C5CD326DF725F006C6E6D /* GameViewController.xib */; };
		257C5CDA26DF7918006C6E6D /* HomeComponent+Game.swift in Sources */ = {isa = PBXBuildFile; fileRef = 257C5CD926DF7917006C6E6D /* HomeComponent+Game.swift */; };
		EDF74C375FE4AD0310D2D404 /* Pods_TryHardRIBs.framework in Frameworks */ = {isa = PBXBuildFile; fileRef = 418326963AE70D8BB9AAD611 /* Pods_TryHardRIBs.framework */; };
/* End PBXBuildFile section */

/* Begin PBXFileReference section */
		257C5C8F26DE6F4E006C6E6D /* TryHardRIBs.app */ = {isa = PBXFileReference; explicitFileType = wrapper.application; includeInIndex = 0; path = TryHardRIBs.app; sourceTree = BUILT_PRODUCTS_DIR; };
		257C5C9226DE6F4E006C6E6D /* AppDelegate.swift */ = {isa = PBXFileReference; lastKnownFileType = sourcecode.swift; path = AppDelegate.swift; sourceTree = "<group>"; };
		257C5C9626DE6F4E006C6E6D /* ViewController.swift */ = {isa = PBXFileReference; lastKnownFileType = sourcecode.swift; path = ViewController.swift; sourceTree = "<group>"; };
		257C5C9926DE6F4E006C6E6D /* Base */ = {isa = PBXFileReference; lastKnownFileType = file.storyboard; name = Base; path = Base.lproj/Main.storyboard; sourceTree = "<group>"; };
		257C5C9B26DE6F50006C6E6D /* Assets.xcassets */ = {isa = PBXFileReference; lastKnownFileType = folder.assetcatalog; path = Assets.xcassets; sourceTree = "<group>"; };
		257C5C9E26DE6F50006C6E6D /* Base */ = {isa = PBXFileReference; lastKnownFileType = file.storyboard; name = Base; path = Base.lproj/LaunchScreen.storyboard; sourceTree = "<group>"; };
		257C5CA026DE6F50006C6E6D /* Info.plist */ = {isa = PBXFileReference; lastKnownFileType = text.plist.xml; path = Info.plist; sourceTree = "<group>"; };
		257C5CA726DE70E4006C6E6D /* AppComponent.swift */ = {isa = PBXFileReference; lastKnownFileType = sourcecode.swift; path = AppComponent.swift; sourceTree = "<group>"; };
		257C5CAA26DE72D5006C6E6D /* RootRouter.swift */ = {isa = PBXFileReference; lastKnownFileType = sourcecode.swift; path = RootRouter.swift; sourceTree = "<group>"; };
		257C5CAB26DE72D5006C6E6D /* RootViewController.swift */ = {isa = PBXFileReference; lastKnownFileType = sourcecode.swift; path = RootViewController.swift; sourceTree = "<group>"; };
		257C5CAC26DE72D5006C6E6D /* RootBuilder.swift */ = {isa = PBXFileReference; lastKnownFileType = sourcecode.swift; path = RootBuilder.swift; sourceTree = "<group>"; };
		257C5CAD26DE72D5006C6E6D /* RootInteractor.swift */ = {isa = PBXFileReference; lastKnownFileType = sourcecode.swift; path = RootInteractor.swift; sourceTree = "<group>"; };
		257C5CB326DE7506006C6E6D /* HomeRouter.swift */ = {isa = PBXFileReference; lastKnownFileType = sourcecode.swift; path = HomeRouter.swift; sourceTree = "<group>"; };
		257C5CB426DE7506006C6E6D /* HomeViewController.swift */ = {isa = PBXFileReference; lastKnownFileType = sourcecode.swift; path = HomeViewController.swift; sourceTree = "<group>"; };
		257C5CB526DE7506006C6E6D /* HomeBuilder.swift */ = {isa = PBXFileReference; lastKnownFileType = sourcecode.swift; path = HomeBuilder.swift; sourceTree = "<group>"; };
		257C5CB626DE7506006C6E6D /* HomeInteractor.swift */ = {isa = PBXFileReference; lastKnownFileType = sourcecode.swift; path = HomeInteractor.swift; sourceTree = "<group>"; };
		257C5CB726DE7506006C6E6D /* HomeViewController.xib */ = {isa = PBXFileReference; lastKnownFileType = file.xib; path = HomeViewController.xib; sourceTree = "<group>"; };
		257C5CBE26DE7C0B006C6E6D /* HistoryRouter.swift */ = {isa = PBXFileReference; lastKnownFileType = sourcecode.swift; path = HistoryRouter.swift; sourceTree = "<group>"; };
		257C5CBF26DE7C0B006C6E6D /* HistoryViewController.swift */ = {isa = PBXFileReference; lastKnownFileType = sourcecode.swift; path = HistoryViewController.swift; sourceTree = "<group>"; };
		257C5CC026DE7C0B006C6E6D /* HistoryBuilder.swift */ = {isa = PBXFileReference; lastKnownFileType = sourcecode.swift; path = HistoryBuilder.swift; sourceTree = "<group>"; };
		257C5CC126DE7C0B006C6E6D /* HistoryInteractor.swift */ = {isa = PBXFileReference; lastKnownFileType = sourcecode.swift; path = HistoryInteractor.swift; sourceTree = "<group>"; };
		257C5CC226DE7C0B006C6E6D /* HistoryViewController.xib */ = {isa = PBXFileReference; lastKnownFileType = file.xib; path = HistoryViewController.xib; sourceTree = "<group>"; };
		257C5CC826DE85CE006C6E6D /* HomeComponent+History.swift */ = {isa = PBXFileReference; lastKnownFileType = sourcecode.swift; path = "HomeComponent+History.swift"; sourceTree = "<group>"; };
		257C5CCC26DF3DF1006C6E6D /* Model.swift */ = {isa = PBXFileReference; lastKnownFileType = sourcecode.swift; path = Model.swift; sourceTree = "<group>"; };
		257C5CCF26DF725F006C6E6D /* GameRouter.swift */ = {isa = PBXFileReference; lastKnownFileType = sourcecode.swift; path = GameRouter.swift; sourceTree = "<group>"; };
		257C5CD026DF725F006C6E6D /* GameViewController.swift */ = {isa = PBXFileReference; lastKnownFileType = sourcecode.swift; path = GameViewController.swift; sourceTree = "<group>"; };
		257C5CD126DF725F006C6E6D /* GameBuilder.swift */ = {isa = PBXFileReference; lastKnownFileType = sourcecode.swift; path = GameBuilder.swift; sourceTree = "<group>"; };
		257C5CD226DF725F006C6E6D /* GameInteractor.swift */ = {isa = PBXFileReference; lastKnownFileType = sourcecode.swift; path = GameInteractor.swift; sourceTree = "<group>"; };
		257C5CD326DF725F006C6E6D /* GameViewController.xib */ = {isa = PBXFileReference; lastKnownFileType = file.xib; path = GameViewController.xib; sourceTree = "<group>"; };
		257C5CD926DF7917006C6E6D /* HomeComponent+Game.swift */ = {isa = PBXFileReference; lastKnownFileType = sourcecode.swift; path = "HomeComponent+Game.swift"; sourceTree = "<group>"; };
		418326963AE70D8BB9AAD611 /* Pods_TryHardRIBs.framework */ = {isa = PBXFileReference; explicitFileType = wrapper.framework; includeInIndex = 0; path = Pods_TryHardRIBs.framework; sourceTree = BUILT_PRODUCTS_DIR; };
		6E2FD797DE5144BDEB937D89 /* Pods-TryHardRIBs.release.xcconfig */ = {isa = PBXFileReference; includeInIndex = 1; lastKnownFileType = text.xcconfig; name = "Pods-TryHardRIBs.release.xcconfig"; path = "Target Support Files/Pods-TryHardRIBs/Pods-TryHardRIBs.release.xcconfig"; sourceTree = "<group>"; };
		FBD7BB5AF17E7744E4716495 /* Pods-TryHardRIBs.debug.xcconfig */ = {isa = PBXFileReference; includeInIndex = 1; lastKnownFileType = text.xcconfig; name = "Pods-TryHardRIBs.debug.xcconfig"; path = "Target Support Files/Pods-TryHardRIBs/Pods-TryHardRIBs.debug.xcconfig"; sourceTree = "<group>"; };
/* End PBXFileReference section */

/* Begin PBXFrameworksBuildPhase section */
		257C5C8C26DE6F4E006C6E6D /* Frameworks */ = {
			isa = PBXFrameworksBuildPhase;
			buildActionMask = 2147483647;
			files = (
				EDF74C375FE4AD0310D2D404 /* Pods_TryHardRIBs.framework in Frameworks */,
			);
			runOnlyForDeploymentPostprocessing = 0;
		};
/* End PBXFrameworksBuildPhase section */

/* Begin PBXGroup section */
		257C5C8626DE6F4E006C6E6D = {
			isa = PBXGroup;
			children = (
				257C5C9126DE6F4E006C6E6D /* TryHardRIBs */,
				257C5C9026DE6F4E006C6E6D /* Products */,
				4A5735402841A90DEC7FC691 /* Pods */,
				F6AB9E4BC16C3D7A34519A3F /* Frameworks */,
			);
			sourceTree = "<group>";
		};
		257C5C9026DE6F4E006C6E6D /* Products */ = {
			isa = PBXGroup;
			children = (
				257C5C8F26DE6F4E006C6E6D /* TryHardRIBs.app */,
			);
			name = Products;
			sourceTree = "<group>";
		};
		257C5C9126DE6F4E006C6E6D /* TryHardRIBs */ = {
			isa = PBXGroup;
			children = (
				257C5CA626DE70A8006C6E6D /* App */,
				257C5CCA26DF3DC0006C6E6D /* Model */,
				257C5CCB26DF3DCB006C6E6D /* Cell */,
				257C5CA926DE7267006C6E6D /* Root */,
				257C5CB226DE74DF006C6E6D /* Home */,
				257C5CBD26DE7BF3006C6E6D /* History */,
				257C5CCE26DF7243006C6E6D /* Game */,
			);
			path = TryHardRIBs;
			sourceTree = "<group>";
		};
		257C5CA626DE70A8006C6E6D /* App */ = {
			isa = PBXGroup;
			children = (
				257C5CA726DE70E4006C6E6D /* AppComponent.swift */,
				257C5C9226DE6F4E006C6E6D /* AppDelegate.swift */,
				257C5C9626DE6F4E006C6E6D /* ViewController.swift */,
				257C5C9826DE6F4E006C6E6D /* Main.storyboard */,
				257C5C9B26DE6F50006C6E6D /* Assets.xcassets */,
				257C5C9D26DE6F50006C6E6D /* LaunchScreen.storyboard */,
				257C5CA026DE6F50006C6E6D /* Info.plist */,
			);
			path = App;
			sourceTree = "<group>";
		};
		257C5CA926DE7267006C6E6D /* Root */ = {
			isa = PBXGroup;
			children = (
				257C5CAA26DE72D5006C6E6D /* RootRouter.swift */,
				257C5CAB26DE72D5006C6E6D /* RootViewController.swift */,
				257C5CAC26DE72D5006C6E6D /* RootBuilder.swift */,
				257C5CAD26DE72D5006C6E6D /* RootInteractor.swift */,
			);
			path = Root;
			sourceTree = "<group>";
		};
		257C5CB226DE74DF006C6E6D /* Home */ = {
			isa = PBXGroup;
			children = (
				257C5CB326DE7506006C6E6D /* HomeRouter.swift */,
				257C5CB426DE7506006C6E6D /* HomeViewController.swift */,
				257C5CB526DE7506006C6E6D /* HomeBuilder.swift */,
				257C5CB626DE7506006C6E6D /* HomeInteractor.swift */,
				257C5CB726DE7506006C6E6D /* HomeViewController.xib */,
				257C5CC826DE85CE006C6E6D /* HomeComponent+History.swift */,
				257C5CD926DF7917006C6E6D /* HomeComponent+Game.swift */,
			);
			path = Home;
			sourceTree = "<group>";
		};
		257C5CBD26DE7BF3006C6E6D /* History */ = {
			isa = PBXGroup;
			children = (
				257C5CBE26DE7C0B006C6E6D /* HistoryRouter.swift */,
				257C5CBF26DE7C0B006C6E6D /* HistoryViewController.swift */,
				257C5CC026DE7C0B006C6E6D /* HistoryBuilder.swift */,
				257C5CC126DE7C0B006C6E6D /* HistoryInteractor.swift */,
				257C5CC226DE7C0B006C6E6D /* HistoryViewController.xib */,
			);
			path = History;
			sourceTree = "<group>";
		};
		257C5CCA26DF3DC0006C6E6D /* Model */ = {
			isa = PBXGroup;
			children = (
				257C5CCC26DF3DF1006C6E6D /* Model.swift */,
			);
			path = Model;
			sourceTree = "<group>";
		};
		257C5CCB26DF3DCB006C6E6D /* Cell */ = {
			isa = PBXGroup;
			children = (
			);
			path = Cell;
			sourceTree = "<group>";
		};
		257C5CCE26DF7243006C6E6D /* Game */ = {
			isa = PBXGroup;
			children = (
				257C5CCF26DF725F006C6E6D /* GameRouter.swift */,
				257C5CD026DF725F006C6E6D /* GameViewController.swift */,
				257C5CD126DF725F006C6E6D /* GameBuilder.swift */,
				257C5CD226DF725F006C6E6D /* GameInteractor.swift */,
				257C5CD326DF725F006C6E6D /* GameViewController.xib */,
			);
			path = Game;
			sourceTree = "<group>";
		};
		4A5735402841A90DEC7FC691 /* Pods */ = {
			isa = PBXGroup;
			children = (
				FBD7BB5AF17E7744E4716495 /* Pods-TryHardRIBs.debug.xcconfig */,
				6E2FD797DE5144BDEB937D89 /* Pods-TryHardRIBs.release.xcconfig */,
			);
			path = Pods;
			sourceTree = "<group>";
		};
		F6AB9E4BC16C3D7A34519A3F /* Frameworks */ = {
			isa = PBXGroup;
			children = (
				418326963AE70D8BB9AAD611 /* Pods_TryHardRIBs.framework */,
			);
			name = Frameworks;
			sourceTree = "<group>";
		};
/* End PBXGroup section */

/* Begin PBXNativeTarget section */
		257C5C8E26DE6F4E006C6E6D /* TryHardRIBs */ = {
			isa = PBXNativeTarget;
			buildConfigurationList = 257C5CA326DE6F50006C6E6D /* Build configuration list for PBXNativeTarget "TryHardRIBs" */;
			buildPhases = (
				46FB59DD2168E4EE1C1D8AB9 /* [CP] Check Pods Manifest.lock */,
				257C5C8B26DE6F4E006C6E6D /* Sources */,
				257C5C8C26DE6F4E006C6E6D /* Frameworks */,
				257C5C8D26DE6F4E006C6E6D /* Resources */,
				ACD2F0AE07E4CA788AB43764 /* [CP] Embed Pods Frameworks */,
			);
			buildRules = (
			);
			dependencies = (
			);
			name = TryHardRIBs;
			productName = TryHardRIBs;
			productReference = 257C5C8F26DE6F4E006C6E6D /* TryHardRIBs.app */;
			productType = "com.apple.product-type.application";
		};
/* End PBXNativeTarget section */

/* Begin PBXProject section */
		257C5C8726DE6F4E006C6E6D /* Project object */ = {
			isa = PBXProject;
			attributes = {
				LastSwiftUpdateCheck = 1250;
				LastUpgradeCheck = 1250;
				TargetAttributes = {
					257C5C8E26DE6F4E006C6E6D = {
						CreatedOnToolsVersion = 12.5.1;
					};
				};
			};
			buildConfigurationList = 257C5C8A26DE6F4E006C6E6D /* Build configuration list for PBXProject "TryHardRIBs" */;
			compatibilityVersion = "Xcode 9.3";
			developmentRegion = en;
			hasScannedForEncodings = 0;
			knownRegions = (
				en,
				Base,
			);
			mainGroup = 257C5C8626DE6F4E006C6E6D;
			productRefGroup = 257C5C9026DE6F4E006C6E6D /* Products */;
			projectDirPath = "";
			projectRoot = "";
			targets = (
				257C5C8E26DE6F4E006C6E6D /* TryHardRIBs */,
			);
		};
/* End PBXProject section */

/* Begin PBXResourcesBuildPhase section */
		257C5C8D26DE6F4E006C6E6D /* Resources */ = {
			isa = PBXResourcesBuildPhase;
			buildActionMask = 2147483647;
			files = (
				257C5C9F26DE6F50006C6E6D /* LaunchScreen.storyboard in Resources */,
				257C5C9C26DE6F50006C6E6D /* Assets.xcassets in Resources */,
				257C5CD826DF725F006C6E6D /* GameViewController.xib in Resources */,
				257C5C9A26DE6F4E006C6E6D /* Main.storyboard in Resources */,
				257C5CC726DE7C0B006C6E6D /* HistoryViewController.xib in Resources */,
				257C5CBC26DE7506006C6E6D /* HomeViewController.xib in Resources */,
			);
			runOnlyForDeploymentPostprocessing = 0;
		};
/* End PBXResourcesBuildPhase section */

/* Begin PBXShellScriptBuildPhase section */
		46FB59DD2168E4EE1C1D8AB9 /* [CP] Check Pods Manifest.lock */ = {
			isa = PBXShellScriptBuildPhase;
			buildActionMask = 2147483647;
			files = (
			);
			inputFileListPaths = (
			);
			inputPaths = (
				"${PODS_PODFILE_DIR_PATH}/Podfile.lock",
				"${PODS_ROOT}/Manifest.lock",
			);
			name = "[CP] Check Pods Manifest.lock";
			outputFileListPaths = (
			);
			outputPaths = (
				"$(DERIVED_FILE_DIR)/Pods-TryHardRIBs-checkManifestLockResult.txt",
			);
			runOnlyForDeploymentPostprocessing = 0;
			shellPath = /bin/sh;
			shellScript = "diff \"${PODS_PODFILE_DIR_PATH}/Podfile.lock\" \"${PODS_ROOT}/Manifest.lock\" > /dev/null\nif [ $? != 0 ] ; then\n    # print error to STDERR\n    echo \"error: The sandbox is not in sync with the Podfile.lock. Run 'pod install' or update your CocoaPods installation.\" >&2\n    exit 1\nfi\n# This output is used by Xcode 'outputs' to avoid re-running this script phase.\necho \"SUCCESS\" > \"${SCRIPT_OUTPUT_FILE_0}\"\n";
			showEnvVarsInLog = 0;
		};
		ACD2F0AE07E4CA788AB43764 /* [CP] Embed Pods Frameworks */ = {
			isa = PBXShellScriptBuildPhase;
			buildActionMask = 2147483647;
			files = (
			);
			inputFileListPaths = (
				"${PODS_ROOT}/Target Support Files/Pods-TryHardRIBs/Pods-TryHardRIBs-frameworks-${CONFIGURATION}-input-files.xcfilelist",
			);
			name = "[CP] Embed Pods Frameworks";
			outputFileListPaths = (
				"${PODS_ROOT}/Target Support Files/Pods-TryHardRIBs/Pods-TryHardRIBs-frameworks-${CONFIGURATION}-output-files.xcfilelist",
			);
			runOnlyForDeploymentPostprocessing = 0;
			shellPath = /bin/sh;
			shellScript = "\"${PODS_ROOT}/Target Support Files/Pods-TryHardRIBs/Pods-TryHardRIBs-frameworks.sh\"\n";
			showEnvVarsInLog = 0;
		};
/* End PBXShellScriptBuildPhase section */

/* Begin PBXSourcesBuildPhase section */
		257C5C8B26DE6F4E006C6E6D /* Sources */ = {
			isa = PBXSourcesBuildPhase;
			buildActionMask = 2147483647;
			files = (
				257C5CDA26DF7918006C6E6D /* HomeComponent+Game.swift in Sources */,
				257C5CC526DE7C0B006C6E6D /* HistoryBuilder.swift in Sources */,
				257C5CAF26DE72D5006C6E6D /* RootViewController.swift in Sources */,
				257C5CC326DE7C0B006C6E6D /* HistoryRouter.swift in Sources */,
				257C5CBB26DE7506006C6E6D /* HomeInteractor.swift in Sources */,
				257C5CD426DF725F006C6E6D /* GameRouter.swift in Sources */,
				257C5CD626DF725F006C6E6D /* GameBuilder.swift in Sources */,
				257C5CAE26DE72D5006C6E6D /* RootRouter.swift in Sources */,
				257C5CC426DE7C0B006C6E6D /* HistoryViewController.swift in Sources */,
				257C5CBA26DE7506006C6E6D /* HomeBuilder.swift in Sources */,
				257C5CD526DF725F006C6E6D /* GameViewController.swift in Sources */,
				257C5CB126DE72D5006C6E6D /* RootInteractor.swift in Sources */,
				257C5C9726DE6F4E006C6E6D /* ViewController.swift in Sources */,
				257C5CD726DF725F006C6E6D /* GameInteractor.swift in Sources */,
				257C5C9326DE6F4E006C6E6D /* AppDelegate.swift in Sources */,
				257C5CCD26DF3DF1006C6E6D /* Model.swift in Sources */,
				257C5CB926DE7506006C6E6D /* HomeViewController.swift in Sources */,
				257C5CB826DE7506006C6E6D /* HomeRouter.swift in Sources */,
				257C5CC626DE7C0B006C6E6D /* HistoryInteractor.swift in Sources */,
				257C5CA826DE70E4006C6E6D /* AppComponent.swift in Sources */,
				257C5CB026DE72D5006C6E6D /* RootBuilder.swift in Sources */,
				257C5CC926DE85CE006C6E6D /* HomeComponent+History.swift in Sources */,
			);
			runOnlyForDeploymentPostprocessing = 0;
		};
/* End PBXSourcesBuildPhase section */

/* Begin PBXVariantGroup section */
		257C5C9826DE6F4E006C6E6D /* Main.storyboard */ = {
			isa = PBXVariantGroup;
			children = (
				257C5C9926DE6F4E006C6E6D /* Base */,
			);
			name = Main.storyboard;
			sourceTree = "<group>";
		};
		257C5C9D26DE6F50006C6E6D /* LaunchScreen.storyboard */ = {
			isa = PBXVariantGroup;
			children = (
				257C5C9E26DE6F50006C6E6D /* Base */,
			);
			name = LaunchScreen.storyboard;
			sourceTree = "<group>";
		};
/* End PBXVariantGroup section */

/* Begin XCBuildConfiguration section */
		257C5CA126DE6F50006C6E6D /* Debug */ = {
			isa = XCBuildConfiguration;
			buildSettings = {
				ALWAYS_SEARCH_USER_PATHS = NO;
				CLANG_ANALYZER_NONNULL = YES;
				CLANG_ANALYZER_NUMBER_OBJECT_CONVERSION = YES_AGGRESSIVE;
				CLANG_CXX_LANGUAGE_STANDARD = "gnu++14";
				CLANG_CXX_LIBRARY = "libc++";
				CLANG_ENABLE_MODULES = YES;
				CLANG_ENABLE_OBJC_ARC = YES;
				CLANG_ENABLE_OBJC_WEAK = YES;
				CLANG_WARN_BLOCK_CAPTURE_AUTORELEASING = YES;
				CLANG_WARN_BOOL_CONVERSION = YES;
				CLANG_WARN_COMMA = YES;
				CLANG_WARN_CONSTANT_CONVERSION = YES;
				CLANG_WARN_DEPRECATED_OBJC_IMPLEMENTATIONS = YES;
				CLANG_WARN_DIRECT_OBJC_ISA_USAGE = YES_ERROR;
				CLANG_WARN_DOCUMENTATION_COMMENTS = YES;
				CLANG_WARN_EMPTY_BODY = YES;
				CLANG_WARN_ENUM_CONVERSION = YES;
				CLANG_WARN_INFINITE_RECURSION = YES;
				CLANG_WARN_INT_CONVERSION = YES;
				CLANG_WARN_NON_LITERAL_NULL_CONVERSION = YES;
				CLANG_WARN_OBJC_IMPLICIT_RETAIN_SELF = YES;
				CLANG_WARN_OBJC_LITERAL_CONVERSION = YES;
				CLANG_WARN_OBJC_ROOT_CLASS = YES_ERROR;
				CLANG_WARN_QUOTED_INCLUDE_IN_FRAMEWORK_HEADER = YES;
				CLANG_WARN_RANGE_LOOP_ANALYSIS = YES;
				CLANG_WARN_STRICT_PROTOTYPES = YES;
				CLANG_WARN_SUSPICIOUS_MOVE = YES;
				CLANG_WARN_UNGUARDED_AVAILABILITY = YES_AGGRESSIVE;
				CLANG_WARN_UNREACHABLE_CODE = YES;
				CLANG_WARN__DUPLICATE_METHOD_MATCH = YES;
				COPY_PHASE_STRIP = NO;
				DEBUG_INFORMATION_FORMAT = dwarf;
				ENABLE_STRICT_OBJC_MSGSEND = YES;
				ENABLE_TESTABILITY = YES;
				GCC_C_LANGUAGE_STANDARD = gnu11;
				GCC_DYNAMIC_NO_PIC = NO;
				GCC_NO_COMMON_BLOCKS = YES;
				GCC_OPTIMIZATION_LEVEL = 0;
				GCC_PREPROCESSOR_DEFINITIONS = (
					"DEBUG=1",
					"$(inherited)",
				);
				GCC_WARN_64_TO_32_BIT_CONVERSION = YES;
				GCC_WARN_ABOUT_RETURN_TYPE = YES_ERROR;
				GCC_WARN_UNDECLARED_SELECTOR = YES;
				GCC_WARN_UNINITIALIZED_AUTOS = YES_AGGRESSIVE;
				GCC_WARN_UNUSED_FUNCTION = YES;
				GCC_WARN_UNUSED_VARIABLE = YES;
				IPHONEOS_DEPLOYMENT_TARGET = 14.5;
				MTL_ENABLE_DEBUG_INFO = INCLUDE_SOURCE;
				MTL_FAST_MATH = YES;
				ONLY_ACTIVE_ARCH = YES;
				SDKROOT = iphoneos;
				SWIFT_ACTIVE_COMPILATION_CONDITIONS = DEBUG;
				SWIFT_OPTIMIZATION_LEVEL = "-Onone";
			};
			name = Debug;
		};
		257C5CA226DE6F50006C6E6D /* Release */ = {
			isa = XCBuildConfiguration;
			buildSettings = {
				ALWAYS_SEARCH_USER_PATHS = NO;
				CLANG_ANALYZER_NONNULL = YES;
				CLANG_ANALYZER_NUMBER_OBJECT_CONVERSION = YES_AGGRESSIVE;
				CLANG_CXX_LANGUAGE_STANDARD = "gnu++14";
				CLANG_CXX_LIBRARY = "libc++";
				CLANG_ENABLE_MODULES = YES;
				CLANG_ENABLE_OBJC_ARC = YES;
				CLANG_ENABLE_OBJC_WEAK = YES;
				CLANG_WARN_BLOCK_CAPTURE_AUTORELEASING = YES;
				CLANG_WARN_BOOL_CONVERSION = YES;
				CLANG_WARN_COMMA = YES;
				CLANG_WARN_CONSTANT_CONVERSION = YES;
				CLANG_WARN_DEPRECATED_OBJC_IMPLEMENTATIONS = YES;
				CLANG_WARN_DIRECT_OBJC_ISA_USAGE = YES_ERROR;
				CLANG_WARN_DOCUMENTATION_COMMENTS = YES;
				CLANG_WARN_EMPTY_BODY = YES;
				CLANG_WARN_ENUM_CONVERSION = YES;
				CLANG_WARN_INFINITE_RECURSION = YES;
				CLANG_WARN_INT_CONVERSION = YES;
				CLANG_WARN_NON_LITERAL_NULL_CONVERSION = YES;
				CLANG_WARN_OBJC_IMPLICIT_RETAIN_SELF = YES;
				CLANG_WARN_OBJC_LITERAL_CONVERSION = YES;
				CLANG_WARN_OBJC_ROOT_CLASS = YES_ERROR;
				CLANG_WARN_QUOTED_INCLUDE_IN_FRAMEWORK_HEADER = YES;
				CLANG_WARN_RANGE_LOOP_ANALYSIS = YES;
				CLANG_WARN_STRICT_PROTOTYPES = YES;
				CLANG_WARN_SUSPICIOUS_MOVE = YES;
				CLANG_WARN_UNGUARDED_AVAILABILITY = YES_AGGRESSIVE;
				CLANG_WARN_UNREACHABLE_CODE = YES;
				CLANG_WARN__DUPLICATE_METHOD_MATCH = YES;
				COPY_PHASE_STRIP = NO;
				DEBUG_INFORMATION_FORMAT = "dwarf-with-dsym";
				ENABLE_NS_ASSERTIONS = NO;
				ENABLE_STRICT_OBJC_MSGSEND = YES;
				GCC_C_LANGUAGE_STANDARD = gnu11;
				GCC_NO_COMMON_BLOCKS = YES;
				GCC_WARN_64_TO_32_BIT_CONVERSION = YES;
				GCC_WARN_ABOUT_RETURN_TYPE = YES_ERROR;
				GCC_WARN_UNDECLARED_SELECTOR = YES;
				GCC_WARN_UNINITIALIZED_AUTOS = YES_AGGRESSIVE;
				GCC_WARN_UNUSED_FUNCTION = YES;
				GCC_WARN_UNUSED_VARIABLE = YES;
				IPHONEOS_DEPLOYMENT_TARGET = 14.5;
				MTL_ENABLE_DEBUG_INFO = NO;
				MTL_FAST_MATH = YES;
				SDKROOT = iphoneos;
				SWIFT_COMPILATION_MODE = wholemodule;
				SWIFT_OPTIMIZATION_LEVEL = "-O";
				VALIDATE_PRODUCT = YES;
			};
			name = Release;
		};
		257C5CA426DE6F50006C6E6D /* Debug */ = {
			isa = XCBuildConfiguration;
			baseConfigurationReference = FBD7BB5AF17E7744E4716495 /* Pods-TryHardRIBs.debug.xcconfig */;
			buildSettings = {
				ASSETCATALOG_COMPILER_APPICON_NAME = AppIcon;
				ASSETCATALOG_COMPILER_GLOBAL_ACCENT_COLOR_NAME = AccentColor;
				CODE_SIGN_IDENTITY = "iPhone Developer";
				CODE_SIGN_STYLE = Manual;
				DEVELOPMENT_TEAM = G388ZAYJYX;
				INFOPLIST_FILE = "$(SRCROOT)/TryHardRIBs/App/Info.plist";
				IPHONEOS_DEPLOYMENT_TARGET = 13.0;
				LD_RUNPATH_SEARCH_PATHS = (
					"$(inherited)",
					"@executable_path/Frameworks",
				);
				PRODUCT_BUNDLE_IDENTIFIER = com.solar.TryHardRIBs;
				PRODUCT_NAME = "$(TARGET_NAME)";
				PROVISIONING_PROFILE_SPECIFIER = "Solar_iOS App Development";
				SWIFT_VERSION = 5.0;
				TARGETED_DEVICE_FAMILY = 1;
			};
			name = Debug;
		};
		257C5CA526DE6F50006C6E6D /* Release */ = {
			isa = XCBuildConfiguration;
			baseConfigurationReference = 6E2FD797DE5144BDEB937D89 /* Pods-TryHardRIBs.release.xcconfig */;
			buildSettings = {
				ASSETCATALOG_COMPILER_APPICON_NAME = AppIcon;
				ASSETCATALOG_COMPILER_GLOBAL_ACCENT_COLOR_NAME = AccentColor;
				CODE_SIGN_IDENTITY = "iPhone Developer";
				CODE_SIGN_STYLE = Manual;
				DEVELOPMENT_TEAM = G388ZAYJYX;
				INFOPLIST_FILE = "$(SRCROOT)/TryHardRIBs/App/Info.plist";
				IPHONEOS_DEPLOYMENT_TARGET = 13.0;
				LD_RUNPATH_SEARCH_PATHS = (
					"$(inherited)",
					"@executable_path/Frameworks",
				);
				PRODUCT_BUNDLE_IDENTIFIER = com.solar.TryHardRIBs;
				PRODUCT_NAME = "$(TARGET_NAME)";
				PROVISIONING_PROFILE_SPECIFIER = "Solar_iOS App Development";
				SWIFT_VERSION = 5.0;
				TARGETED_DEVICE_FAMILY = 1;
			};
			name = Release;
		};
/* End XCBuildConfiguration section */

/* Begin XCConfigurationList section */
		257C5C8A26DE6F4E006C6E6D /* Build configuration list for PBXProject "TryHardRIBs" */ = {
			isa = XCConfigurationList;
			buildConfigurations = (
				257C5CA126DE6F50006C6E6D /* Debug */,
				257C5CA226DE6F50006C6E6D /* Release */,
			);
			defaultConfigurationIsVisible = 0;
			defaultConfigurationName = Release;
		};
		257C5CA326DE6F50006C6E6D /* Build configuration list for PBXNativeTarget "TryHardRIBs" */ = {
			isa = XCConfigurationList;
			buildConfigurations = (
				257C5CA426DE6F50006C6E6D /* Debug */,
				257C5CA526DE6F50006C6E6D /* Release */,
			);
			defaultConfigurationIsVisible = 0;
			defaultConfigurationName = Release;
		};
/* End XCConfigurationList section */
	};
	rootObject = 257C5C8726DE6F4E006C6E6D /* Project object */;
}
